
Microsoft Visual Studio Solution File, Format Version 12.00
# Visual Studio Version 16
VisualStudioVersion = 16.0.32228.343
MinimumVisualStudioVersion = 10.0.40219.1
Project("{FAE04EC0-301F-11D3-BF4B-00C04F79EFBC}") = "OrderServices", "OrderServices\OrderServices.csproj", "{9218A7F4-1796-4DC2-AF58-C37F421A812E}"
EndProject
Project("{FAE04EC0-301F-11D3-BF4B-00C04F79EFBC}") = "CatalogServicces", "CatalogServicces\CatalogServicces.csproj", "{78CB168D-3DD9-48E9-BDA2-0C73FE3FB5E8}"
EndProject
Project("{FAE04EC0-301F-11D3-BF4B-00C04F79EFBC}") = "EcomApiGateway", "EcomApiGateway\EcomApiGateway.csproj", "{73E8DD9C-8633-4136-AF0F-A822A0EF224D}"
EndProject
Global
	GlobalSection(SolutionConfigurationPlatforms) = preSolution
		Debug|Any CPU = Debug|Any CPU
		Release|Any CPU = Release|Any CPU
	EndGlobalSection
	GlobalSection(ProjectConfigurationPlatforms) = postSolution
		{9218A7F4-1796-4DC2-AF58-C37F421A812E}.Debug|Any CPU.ActiveCfg = Debug|Any CPU
		{9218A7F4-1796-4DC2-AF58-C37F421A812E}.Debug|Any CPU.Build.0 = Debug|Any CPU
		{9218A7F4-1796-4DC2-AF58-C37F421A812E}.Release|Any CPU.ActiveCfg = Release|Any CPU
		{9218A7F4-1796-4DC2-AF58-C37F421A812E}.Release|Any CPU.Build.0 = Release|Any CPU
		{78CB168D-3DD9-48E9-BDA2-0C73FE3FB5E8}.Debug|Any CPU.ActiveCfg = Debug|Any CPU
		{78CB168D-3DD9-48E9-BDA2-0C73FE3FB5E8}.Debug|Any CPU.Build.0 = Debug|Any CPU
		{78CB168D-3DD9-48E9-BDA2-0C73FE3FB5E8}.Release|Any CPU.ActiveCfg = Release|Any CPU
		{78CB168D-3DD9-48E9-BDA2-0C73FE3FB5E8}.Release|Any CPU.Build.0 = Release|Any CPU
		{73E8DD9C-8633-4136-AF0F-A822A0EF224D}.Debug|Any CPU.ActiveCfg = Debug|Any CPU
		{73E8DD9C-8633-4136-AF0F-A822A0EF224D}.Debug|Any CPU.Build.0 = Debug|Any CPU
		{73E8DD9C-8633-4136-AF0F-A822A0EF224D}.Release|Any CPU.ActiveCfg = Release|Any CPU
		{73E8DD9C-8633-4136-AF0F-A822A0EF224D}.Release|Any CPU.Build.0 = Release|Any CPU
	EndGlobalSection
	GlobalSection(SolutionProperties) = preSolution
		HideSolutionNode = FALSE
	EndGlobalSection
	GlobalSection(ExtensibilityGlobals) = postSolution
		SolutionGuid = {9368031E-BC00-451A-96D1-B3F00A7F847D}
	EndGlobalSection
EndGlobal
