
Microsoft Visual Studio Solution File, Format Version 12.00
# Visual Studio Version 16
VisualStudioVersion = 16.0.32228.343
MinimumVisualStudioVersion = 10.0.40219.1
Project("{9A19103F-16F7-4668-BE54-9A1E7A4F7556}") = "MVC2", "MVC\MVC2\MVC2.csproj", "{510FBD07-872E-47E8-A83E-EF15E0E9DF2E}"
EndProject
Project("{FAE04EC0-301F-11D3-BF4B-00C04F79EFBC}") = "ConsoleApp", "Console\ConsoleApp.csproj", "{70A1C481-6453-46D7-BAB9-6E8B8EA83367}"
EndProject
Project("{E24C65DC-7377-472B-9ABA-BC803B73C61A}") = "Web", "Web\", "{7139EC01-7A80-4CEC-A736-5D8F54B87E2F}"
	ProjectSection(WebsiteProperties) = preProject
		TargetFrameworkMoniker = ".NETFramework,Version%3Dv4.0"
		Debug.AspNetCompiler.VirtualPath = "/localhost_63059"
		Debug.AspNetCompiler.PhysicalPath = "Web\"
		Debug.AspNetCompiler.TargetPath = "PrecompiledWeb\localhost_63059\"
		Debug.AspNetCompiler.Updateable = "true"
		Debug.AspNetCompiler.ForceOverwrite = "true"
		Debug.AspNetCompiler.FixedNames = "false"
		Debug.AspNetCompiler.Debug = "True"
		Release.AspNetCompiler.VirtualPath = "/localhost_63059"
		Release.AspNetCompiler.PhysicalPath = "Web\"
		Release.AspNetCompiler.TargetPath = "PrecompiledWeb\localhost_63059\"
		Release.AspNetCompiler.Updateable = "true"
		Release.AspNetCompiler.ForceOverwrite = "true"
		Release.AspNetCompiler.FixedNames = "false"
		Release.AspNetCompiler.Debug = "False"
		VWDPort = "63059"
		SlnRelativePath = "Web\"
	EndProjectSection
EndProject
Project("{FAE04EC0-301F-11D3-BF4B-00C04F79EFBC}") = "WebProj", "WebProj\WebProj.csproj", "{80D801F9-9BAA-4633-8453-61D1842025A9}"
EndProject
Project("{9A19103F-16F7-4668-BE54-9A1E7A4F7556}") = "AspCoreSample", "AspCoreSample\AspCoreSample.csproj", "{D3496474-27F1-41D3-9E76-BAD6A3D482B8}"
EndProject
Project("{9A19103F-16F7-4668-BE54-9A1E7A4F7556}") = "SampleCRUD", "SampleCRUD\SampleCRUD.csproj", "{0C25F9F3-683A-4DBB-9E6E-5AD33ABC6CAC}"
EndProject
Project("{9A19103F-16F7-4668-BE54-9A1E7A4F7556}") = "SampleCRUD2", "SampleCRUD2\SampleCRUD2.csproj", "{D5F72478-21EC-460A-86DF-9B55DE397FFB}"
EndProject
Project("{9A19103F-16F7-4668-BE54-9A1E7A4F7556}") = "SampleIdentity", "SampleIdentity\SampleIdentity.csproj", "{1F472E15-32DA-4143-B869-F8B7AC3B7A8B}"
EndProject
Project("{9A19103F-16F7-4668-BE54-9A1E7A4F7556}") = "WinFormsApp1", "WinFormsApp1\WinFormsApp1.csproj", "{CF7631CE-DCEE-4EAB-A0C3-E3E3856BA5D3}"
EndProject
Project("{9A19103F-16F7-4668-BE54-9A1E7A4F7556}") = "WebAPI", "WebAPI\WebAPI\WebAPI.csproj", "{0F4B1D53-13FF-463C-862D-53FA9BCE438B}"
EndProject
Project("{9A19103F-16F7-4668-BE54-9A1E7A4F7556}") = "JWTTokenProj", "JWTAuth\JWTTokenProj.csproj", "{E471E8DE-0AD9-4A95-B8E1-90269A9CD0A2}"
EndProject
Global
	GlobalSection(SolutionConfigurationPlatforms) = preSolution
		Debug|Any CPU = Debug|Any CPU
		Release|Any CPU = Release|Any CPU
	EndGlobalSection
	GlobalSection(ProjectConfigurationPlatforms) = postSolution
		{510FBD07-872E-47E8-A83E-EF15E0E9DF2E}.Debug|Any CPU.ActiveCfg = Debug|Any CPU
		{510FBD07-872E-47E8-A83E-EF15E0E9DF2E}.Debug|Any CPU.Build.0 = Debug|Any CPU
		{510FBD07-872E-47E8-A83E-EF15E0E9DF2E}.Release|Any CPU.ActiveCfg = Release|Any CPU
		{510FBD07-872E-47E8-A83E-EF15E0E9DF2E}.Release|Any CPU.Build.0 = Release|Any CPU
		{70A1C481-6453-46D7-BAB9-6E8B8EA83367}.Debug|Any CPU.ActiveCfg = Debug|Any CPU
		{70A1C481-6453-46D7-BAB9-6E8B8EA83367}.Debug|Any CPU.Build.0 = Debug|Any CPU
		{70A1C481-6453-46D7-BAB9-6E8B8EA83367}.Release|Any CPU.ActiveCfg = Release|Any CPU
		{70A1C481-6453-46D7-BAB9-6E8B8EA83367}.Release|Any CPU.Build.0 = Release|Any CPU
		{7139EC01-7A80-4CEC-A736-5D8F54B87E2F}.Debug|Any CPU.ActiveCfg = Debug|Any CPU
		{7139EC01-7A80-4CEC-A736-5D8F54B87E2F}.Debug|Any CPU.Build.0 = Debug|Any CPU
		{7139EC01-7A80-4CEC-A736-5D8F54B87E2F}.Release|Any CPU.ActiveCfg = Debug|Any CPU
		{7139EC01-7A80-4CEC-A736-5D8F54B87E2F}.Release|Any CPU.Build.0 = Debug|Any CPU
		{80D801F9-9BAA-4633-8453-61D1842025A9}.Debug|Any CPU.ActiveCfg = Debug|Any CPU
		{80D801F9-9BAA-4633-8453-61D1842025A9}.Debug|Any CPU.Build.0 = Debug|Any CPU
		{80D801F9-9BAA-4633-8453-61D1842025A9}.Release|Any CPU.ActiveCfg = Release|Any CPU
		{80D801F9-9BAA-4633-8453-61D1842025A9}.Release|Any CPU.Build.0 = Release|Any CPU
		{D3496474-27F1-41D3-9E76-BAD6A3D482B8}.Debug|Any CPU.ActiveCfg = Debug|Any CPU
		{D3496474-27F1-41D3-9E76-BAD6A3D482B8}.Debug|Any CPU.Build.0 = Debug|Any CPU
		{D3496474-27F1-41D3-9E76-BAD6A3D482B8}.Release|Any CPU.ActiveCfg = Release|Any CPU
		{D3496474-27F1-41D3-9E76-BAD6A3D482B8}.Release|Any CPU.Build.0 = Release|Any CPU
		{0C25F9F3-683A-4DBB-9E6E-5AD33ABC6CAC}.Debug|Any CPU.ActiveCfg = Debug|Any CPU
		{0C25F9F3-683A-4DBB-9E6E-5AD33ABC6CAC}.Debug|Any CPU.Build.0 = Debug|Any CPU
		{0C25F9F3-683A-4DBB-9E6E-5AD33ABC6CAC}.Release|Any CPU.ActiveCfg = Release|Any CPU
		{0C25F9F3-683A-4DBB-9E6E-5AD33ABC6CAC}.Release|Any CPU.Build.0 = Release|Any CPU
		{D5F72478-21EC-460A-86DF-9B55DE397FFB}.Debug|Any CPU.ActiveCfg = Debug|Any CPU
		{D5F72478-21EC-460A-86DF-9B55DE397FFB}.Debug|Any CPU.Build.0 = Debug|Any CPU
		{D5F72478-21EC-460A-86DF-9B55DE397FFB}.Release|Any CPU.ActiveCfg = Release|Any CPU
		{D5F72478-21EC-460A-86DF-9B55DE397FFB}.Release|Any CPU.Build.0 = Release|Any CPU
		{1F472E15-32DA-4143-B869-F8B7AC3B7A8B}.Debug|Any CPU.ActiveCfg = Debug|Any CPU
		{1F472E15-32DA-4143-B869-F8B7AC3B7A8B}.Debug|Any CPU.Build.0 = Debug|Any CPU
		{1F472E15-32DA-4143-B869-F8B7AC3B7A8B}.Release|Any CPU.ActiveCfg = Release|Any CPU
		{1F472E15-32DA-4143-B869-F8B7AC3B7A8B}.Release|Any CPU.Build.0 = Release|Any CPU
		{CF7631CE-DCEE-4EAB-A0C3-E3E3856BA5D3}.Debug|Any CPU.ActiveCfg = Debug|Any CPU
		{CF7631CE-DCEE-4EAB-A0C3-E3E3856BA5D3}.Debug|Any CPU.Build.0 = Debug|Any CPU
		{CF7631CE-DCEE-4EAB-A0C3-E3E3856BA5D3}.Release|Any CPU.ActiveCfg = Release|Any CPU
		{CF7631CE-DCEE-4EAB-A0C3-E3E3856BA5D3}.Release|Any CPU.Build.0 = Release|Any CPU
		{0F4B1D53-13FF-463C-862D-53FA9BCE438B}.Debug|Any CPU.ActiveCfg = Debug|Any CPU
		{0F4B1D53-13FF-463C-862D-53FA9BCE438B}.Debug|Any CPU.Build.0 = Debug|Any CPU
		{0F4B1D53-13FF-463C-862D-53FA9BCE438B}.Release|Any CPU.ActiveCfg = Release|Any CPU
		{0F4B1D53-13FF-463C-862D-53FA9BCE438B}.Release|Any CPU.Build.0 = Release|Any CPU
		{E471E8DE-0AD9-4A95-B8E1-90269A9CD0A2}.Debug|Any CPU.ActiveCfg = Debug|Any CPU
		{E471E8DE-0AD9-4A95-B8E1-90269A9CD0A2}.Debug|Any CPU.Build.0 = Debug|Any CPU
		{E471E8DE-0AD9-4A95-B8E1-90269A9CD0A2}.Release|Any CPU.ActiveCfg = Release|Any CPU
		{E471E8DE-0AD9-4A95-B8E1-90269A9CD0A2}.Release|Any CPU.Build.0 = Release|Any CPU
	EndGlobalSection
	GlobalSection(SolutionProperties) = preSolution
		HideSolutionNode = FALSE
	EndGlobalSection
	GlobalSection(ExtensibilityGlobals) = postSolution
		SolutionGuid = {587B89BA-81B8-4D2B-93F5-28241FF0F4AA}
	EndGlobalSection
EndGlobal
